
Microsoft Visual Studio Solution File, Format Version 12.00
# Visual Studio 15
VisualStudioVersion = 15.0.26228.4
MinimumVisualStudioVersion = 10.0.40219.1
Project("{E53339B2-1760-4266-BCC7-CA923CBCF16C}") = "docker-compose", "docker-compose.dcproj", "{26AF0E02-D463-4EB7-ABDC-C02AA0920514}"
EndProject
Project("{2150E333-8FDC-42A3-9474-1A3956D46DE8}") = "src", "src", "{11EF3E16-9837-4FA2-9F49-39A978E4C2E3}"
EndProject
Project("{2150E333-8FDC-42A3-9474-1A3956D46DE8}") = "Services", "Services", "{BBA199CC-D2A8-473F-91E9-8C6601717951}"
EndProject
Project("{2150E333-8FDC-42A3-9474-1A3956D46DE8}") = "Identity", "Identity", "{55ADF909-36B7-4457-BE63-CDC006AD5CA2}"
EndProject
Project("{9A19103F-16F7-4668-BE54-9A1E7A4F7556}") = "Identity.api", "src\Services\Identity\Identity.api\Identity.api.csproj", "{55480449-5081-48F3-AE36-C7D9A39EDBA7}"
EndProject
Project("{2150E333-8FDC-42A3-9474-1A3956D46DE8}") = "Profile", "Profile", "{D980B19E-09FE-4F1A-8BD1-2F9182A34C70}"
EndProject
Project("{2150E333-8FDC-42A3-9474-1A3956D46DE8}") = "Projects", "Projects", "{722223BD-661D-4BE1-BD66-7CC0CBF88D16}"
EndProject
Project("{FAE04EC0-301F-11D3-BF4B-00C04F79EFBC}") = "Profile.api", "src\Services\Profile\Profile.api\Profile.api.csproj", "{3756B512-E754-430D-BC15-84111DB3392B}"
EndProject
Project("{FAE04EC0-301F-11D3-BF4B-00C04F79EFBC}") = "Projects.api", "src\Services\Projects\Projects.api\Projects.api.csproj", "{85CBD7CC-80A5-443D-81A5-3A6D9E9BB36F}"
EndProject
Global
	GlobalSection(SolutionConfigurationPlatforms) = preSolution
		Debug|Any CPU = Debug|Any CPU
		Release|Any CPU = Release|Any CPU
	EndGlobalSection
	GlobalSection(ProjectConfigurationPlatforms) = postSolution
		{26AF0E02-D463-4EB7-ABDC-C02AA0920514}.Debug|Any CPU.ActiveCfg = Debug|Any CPU
		{26AF0E02-D463-4EB7-ABDC-C02AA0920514}.Debug|Any CPU.Build.0 = Debug|Any CPU
		{26AF0E02-D463-4EB7-ABDC-C02AA0920514}.Release|Any CPU.ActiveCfg = Release|Any CPU
		{26AF0E02-D463-4EB7-ABDC-C02AA0920514}.Release|Any CPU.Build.0 = Release|Any CPU
		{55480449-5081-48F3-AE36-C7D9A39EDBA7}.Debug|Any CPU.ActiveCfg = Debug|Any CPU
		{55480449-5081-48F3-AE36-C7D9A39EDBA7}.Debug|Any CPU.Build.0 = Debug|Any CPU
		{55480449-5081-48F3-AE36-C7D9A39EDBA7}.Release|Any CPU.ActiveCfg = Release|Any CPU
		{55480449-5081-48F3-AE36-C7D9A39EDBA7}.Release|Any CPU.Build.0 = Release|Any CPU
		{3756B512-E754-430D-BC15-84111DB3392B}.Debug|Any CPU.ActiveCfg = Debug|Any CPU
		{3756B512-E754-430D-BC15-84111DB3392B}.Debug|Any CPU.Build.0 = Debug|Any CPU
		{3756B512-E754-430D-BC15-84111DB3392B}.Release|Any CPU.ActiveCfg = Release|Any CPU
		{3756B512-E754-430D-BC15-84111DB3392B}.Release|Any CPU.Build.0 = Release|Any CPU
		{85CBD7CC-80A5-443D-81A5-3A6D9E9BB36F}.Debug|Any CPU.ActiveCfg = Debug|Any CPU
		{85CBD7CC-80A5-443D-81A5-3A6D9E9BB36F}.Debug|Any CPU.Build.0 = Debug|Any CPU
		{85CBD7CC-80A5-443D-81A5-3A6D9E9BB36F}.Release|Any CPU.ActiveCfg = Release|Any CPU
		{85CBD7CC-80A5-443D-81A5-3A6D9E9BB36F}.Release|Any CPU.Build.0 = Release|Any CPU
	EndGlobalSection
	GlobalSection(SolutionProperties) = preSolution
		HideSolutionNode = FALSE
	EndGlobalSection
	GlobalSection(NestedProjects) = preSolution
		{BBA199CC-D2A8-473F-91E9-8C6601717951} = {11EF3E16-9837-4FA2-9F49-39A978E4C2E3}
		{55ADF909-36B7-4457-BE63-CDC006AD5CA2} = {BBA199CC-D2A8-473F-91E9-8C6601717951}
		{55480449-5081-48F3-AE36-C7D9A39EDBA7} = {55ADF909-36B7-4457-BE63-CDC006AD5CA2}
		{D980B19E-09FE-4F1A-8BD1-2F9182A34C70} = {BBA199CC-D2A8-473F-91E9-8C6601717951}
		{722223BD-661D-4BE1-BD66-7CC0CBF88D16} = {BBA199CC-D2A8-473F-91E9-8C6601717951}
		{3756B512-E754-430D-BC15-84111DB3392B} = {D980B19E-09FE-4F1A-8BD1-2F9182A34C70}
		{85CBD7CC-80A5-443D-81A5-3A6D9E9BB36F} = {722223BD-661D-4BE1-BD66-7CC0CBF88D16}
	EndGlobalSection
EndGlobal
