
Microsoft Visual Studio Solution File, Format Version 12.00
# Visual Studio 15
VisualStudioVersion = 15.0.26403.7
MinimumVisualStudioVersion = 10.0.40219.1
Project("{E53339B2-1760-4266-BCC7-CA923CBCF16C}") = "docker-compose", "docker-compose.dcproj", "{26AF0E02-D463-4EB7-ABDC-C02AA0920514}"
EndProject
Project("{9A19103F-16F7-4668-BE54-9A1E7A4F7556}") = "Identity.api", "src\Identity.api\Identity.api.csproj", "{0B3E1CFF-E73F-445D-8795-5FC5A5A255A7}"
EndProject
Project("{9A19103F-16F7-4668-BE54-9A1E7A4F7556}") = "Profile.api", "src\Profile.api\Profile.api.csproj", "{102F5E96-F086-4AAB-8A15-726852B625D5}"
EndProject
Project("{9A19103F-16F7-4668-BE54-9A1E7A4F7556}") = "Projects.api", "src\Projects.api\Projects.api.csproj", "{ABE591BD-5B3B-440C-964A-0BF887296598}"
EndProject
Project("{2150E333-8FDC-42A3-9474-1A3956D46DE8}") = "Services", "Services", "{35F7CC0C-6943-4D1E-9B83-F469D82D63AB}"
EndProject
Project("{2150E333-8FDC-42A3-9474-1A3956D46DE8}") = "_", "_", "{57790ECB-8061-466A-936E-730DF9D4FEA6}"
	ProjectSection(SolutionItems) = preProject
		.gitignore = .gitignore
		.travis.yml = .travis.yml
		appveyor.yml = appveyor.yml
		LICENSE = LICENSE
		README.md = README.md
	EndProjectSection
EndProject
Global
	GlobalSection(SolutionConfigurationPlatforms) = preSolution
		Debug|Any CPU = Debug|Any CPU
		Release|Any CPU = Release|Any CPU
	EndGlobalSection
	GlobalSection(ProjectConfigurationPlatforms) = postSolution
		{26AF0E02-D463-4EB7-ABDC-C02AA0920514}.Debug|Any CPU.ActiveCfg = Debug|Any CPU
		{26AF0E02-D463-4EB7-ABDC-C02AA0920514}.Release|Any CPU.ActiveCfg = Release|Any CPU
		{0B3E1CFF-E73F-445D-8795-5FC5A5A255A7}.Debug|Any CPU.ActiveCfg = Debug|Any CPU
		{0B3E1CFF-E73F-445D-8795-5FC5A5A255A7}.Debug|Any CPU.Build.0 = Debug|Any CPU
		{0B3E1CFF-E73F-445D-8795-5FC5A5A255A7}.Release|Any CPU.ActiveCfg = Release|Any CPU
		{0B3E1CFF-E73F-445D-8795-5FC5A5A255A7}.Release|Any CPU.Build.0 = Release|Any CPU
		{102F5E96-F086-4AAB-8A15-726852B625D5}.Debug|Any CPU.ActiveCfg = Debug|Any CPU
		{102F5E96-F086-4AAB-8A15-726852B625D5}.Debug|Any CPU.Build.0 = Debug|Any CPU
		{102F5E96-F086-4AAB-8A15-726852B625D5}.Release|Any CPU.ActiveCfg = Release|Any CPU
		{102F5E96-F086-4AAB-8A15-726852B625D5}.Release|Any CPU.Build.0 = Release|Any CPU
		{ABE591BD-5B3B-440C-964A-0BF887296598}.Debug|Any CPU.ActiveCfg = Debug|Any CPU
		{ABE591BD-5B3B-440C-964A-0BF887296598}.Debug|Any CPU.Build.0 = Debug|Any CPU
		{ABE591BD-5B3B-440C-964A-0BF887296598}.Release|Any CPU.ActiveCfg = Release|Any CPU
		{ABE591BD-5B3B-440C-964A-0BF887296598}.Release|Any CPU.Build.0 = Release|Any CPU
	EndGlobalSection
	GlobalSection(SolutionProperties) = preSolution
		HideSolutionNode = FALSE
	EndGlobalSection
	GlobalSection(NestedProjects) = preSolution
		{0B3E1CFF-E73F-445D-8795-5FC5A5A255A7} = {35F7CC0C-6943-4D1E-9B83-F469D82D63AB}
		{102F5E96-F086-4AAB-8A15-726852B625D5} = {35F7CC0C-6943-4D1E-9B83-F469D82D63AB}
		{ABE591BD-5B3B-440C-964A-0BF887296598} = {35F7CC0C-6943-4D1E-9B83-F469D82D63AB}
	EndGlobalSection
EndGlobal
